{
  "name": "hexo-mindmap",
  "version": "0.1.0",
  "lockfileVersion": 1,
  "requires": true,
  "dependencies": {
    "bluebird": {
      "version": "3.5.5",
      "resolved": "https://registry.npm.taobao.org/bluebird/download/bluebird-3.5.5.tgz?cache=0&other_urls=https%3A%2F%2Fregistry.npm.taobao.org%2Fbluebird%2Fdownload%2Fbluebird-3.5.5.tgz",
      "integrity": "sha1-qNCv1zJR7/u9X+OEp31zADwXpx8="
    },
    "camel-case": {
      "version": "3.0.0",
      "resolved": "http://registry.npm.taobao.org/camel-case/download/camel-case-3.0.0.tgz",
      "integrity": "sha1-yjw2iKTpzzpM2nd9xNy8cTJJz3M=",
      "requires": {
        "no-case": "^2.2.0",
        "upper-case": "^1.1.1"
      }
    },
    "cross-spawn": {
      "version": "4.0.2",
      "resolved": "http://registry.npm.taobao.org/cross-spawn/download/cross-spawn-4.0.2.tgz",
      "integrity": "sha1-e5JHYhwjrf3ThWAEqCPL45dCTUE=",
      "requires": {
        "lru-cache": "^4.0.1",
        "which": "^1.2.9"
      }
    },
    "hexo-util": {
      "version": "0.6.3",
      "resolved": "https://registry.npm.taobao.org/hexo-util/download/hexo-util-0.6.3.tgz",
      "integrity": "sha1-FqKt5Fe++VWvDf0io/5vCkmpE3w=",
      "requires": {
        "bluebird": "^3.4.0",
        "camel-case": "^3.0.0",
        "cross-spawn": "^4.0.0",
        "highlight.js": "^9.4.0",
        "html-entities": "^1.2.0",
        "striptags": "^2.1.1"
      }
    },
    "highlight.js": {
      "version": "9.15.8",
      "resolved": "https://registry.npm.taobao.org/highlight.js/download/highlight.js-9.15.8.tgz",
      "integrity": "sha1-80T9oSPzbxplSQ6TLPkFaeSZmXE="
    },
    "html-entities": {
      "version": "1.2.1",
      "resolved": "http://registry.npm.taobao.org/html-entities/download/html-entities-1.2.1.tgz",
      "integrity": "sha1-DfKTUfByEWNRXfueVUPl9u7VFi8="
    },
    "isexe": {
      "version": "2.0.0",
      "resolved": "http://registry.npm.taobao.org/isexe/download/isexe-2.0.0.tgz",
      "integrity": "sha1-6PvzdNxVb/iUehDcsFctYz8s+hA="
    },
    "lower-case": {
      "version": "1.1.4",
      "resolved": "http://registry.npm.taobao.org/lower-case/download/lower-case-1.1.4.tgz",
      "integrity": "sha1-miyr0bno4K6ZOkv31YdcOcQujqw="
    },
    "lru-cache": {
      "version": "4.1.5",
      "resolved": "http://registry.npm.taobao.org/lru-cache/download/lru-cache-4.1.5.tgz",
      "integrity": "sha1-i75Q6oW+1ZvJ4z3KuCNe6bz0Q80=",
      "requires": {
        "pseudomap": "^1.0.2",
        "yallist": "^2.1.2"
      }
    },
    "no-case": {
      "version": "2.3.2",
      "resolved": "http://registry.npm.taobao.org/no-case/download/no-case-2.3.2.tgz",
      "integrity": "sha1-YLgTOWvjmz8SiKTB7V0efSi0ZKw=",
      "requires": {
        "lower-case": "^1.1.1"
      }
    },
    "pseudomap": {
      "version": "1.0.2",
      "resolved": "http://registry.npm.taobao.org/pseudomap/download/pseudomap-1.0.2.tgz",
      "integrity": "sha1-8FKijacOYYkX7wqKw0wa5aaChrM="
    },
    "striptags": {
      "version": "2.2.1",
      "resolved": "https://registry.npm.taobao.org/striptags/download/striptags-2.2.1.tgz",
      "integrity": "sha1-TEULcI1BuL85zyTEn/I0/Gqr/TI="
    },
    "upper-case": {
      "version": "1.1.3",
      "resolved": "http://registry.npm.taobao.org/upper-case/download/upper-case-1.1.3.tgz",
      "integrity": "sha1-9rRQHC7EzdJrp4vnIilh3ndiFZg="
    },
    "which": {
      "version": "1.3.1",
      "resolved": "http://registry.npm.taobao.org/which/download/which-1.3.1.tgz",
      "integrity": "sha1-pFBD1U9YBTFtqNYvn1CRjT2nCwo=",
      "requires": {
        "isexe": "^2.0.0"
      }
    },
    "yallist": {
      "version": "2.1.2",
      "resolved": "http://registry.npm.taobao.org/yallist/download/yallist-2.1.2.tgz",
      "integrity": "sha1-HBH5IY8HYImkfdUS+TxmmaaoHVI="
    }
  }
}
